// !$*UTF8*$!
{
	archiveVersion = 1;
	classes = {
	};
	objectVersion = 46;
	objects = {

/* Begin PBXBuildFile section */
		921347171D965E770025A4A8 /* AppDelegate.swift in Sources */ = {isa = PBXBuildFile; fileRef = 921347161D965E770025A4A8 /* AppDelegate.swift */; };
		921347191D965E770025A4A8 /* ViewController.swift in Sources */ = {isa = PBXBuildFile; fileRef = 921347181D965E770025A4A8 /* ViewController.swift */; };
		9213471C1D965E770025A4A8 /* Main.storyboard in Resources */ = {isa = PBXBuildFile; fileRef = 9213471A1D965E770025A4A8 /* Main.storyboard */; };
		9213471E1D965E770025A4A8 /* Assets.xcassets in Resources */ = {isa = PBXBuildFile; fileRef = 9213471D1D965E770025A4A8 /* Assets.xcassets */; };
		921347211D965E770025A4A8 /* LaunchScreen.storyboard in Resources */ = {isa = PBXBuildFile; fileRef = 9213471F1D965E770025A4A8 /* LaunchScreen.storyboard */; };
		9213472D1D9660290025A4A8 /* IndicatorViewShape.swift in Sources */ = {isa = PBXBuildFile; fileRef = 9213472C1D9660290025A4A8 /* IndicatorViewShape.swift */; };
		9213472F1D9662D20025A4A8 /* IndicatorAnimationDelegate.swift in Sources */ = {isa = PBXBuildFile; fileRef = 9213472E1D9662D10025A4A8 /* IndicatorAnimationDelegate.swift */; };
		921347311D9663470025A4A8 /* IndicatorView.swift in Sources */ = {isa = PBXBuildFile; fileRef = 921347301D9663470025A4A8 /* IndicatorView.swift */; };
		921347341D9663E80025A4A8 /* IndicatorAnimationPacman.swift in Sources */ = {isa = PBXBuildFile; fileRef = 921347331D9663E80025A4A8 /* IndicatorAnimationPacman.swift */; };
		921347361D96AE1A0025A4A8 /* IndicatorPresenter.swift in Sources */ = {isa = PBXBuildFile; fileRef = 921347351D96AE1A0025A4A8 /* IndicatorPresenter.swift */; };
		921347381D96B9960025A4A8 /* IndicatorViewable.swift in Sources */ = {isa = PBXBuildFile; fileRef = 921347371D96B9960025A4A8 /* IndicatorViewable.swift */; };
/* End PBXBuildFile section */

/* Begin PBXFileReference section */
		921347131D965E770025A4A8 /* IndicatorViewDemo.app */ = {isa = PBXFileReference; explicitFileType = wrapper.application; includeInIndex = 0; path = IndicatorViewDemo.app; sourceTree = BUILT_PRODUCTS_DIR; };
		921347161D965E770025A4A8 /* AppDelegate.swift */ = {isa = PBXFileReference; lastKnownFileType = sourcecode.swift; path = AppDelegate.swift; sourceTree = "<group>"; };
		921347181D965E770025A4A8 /* ViewController.swift */ = {isa = PBXFileReference; lastKnownFileType = sourcecode.swift; path = ViewController.swift; sourceTree = "<group>"; };
		9213471B1D965E770025A4A8 /* Base */ = {isa = PBXFileReference; lastKnownFileType = file.storyboard; name = Base; path = Base.lproj/Main.storyboard; sourceTree = "<group>"; };
		9213471D1D965E770025A4A8 /* Assets.xcassets */ = {isa = PBXFileReference; lastKnownFileType = folder.assetcatalog; path = Assets.xcassets; sourceTree = "<group>"; };
		921347201D965E770025A4A8 /* Base */ = {isa = PBXFileReference; lastKnownFileType = file.storyboard; name = Base; path = Base.lproj/LaunchScreen.storyboard; sourceTree = "<group>"; };
		921347221D965E770025A4A8 /* Info.plist */ = {isa = PBXFileReference; lastKnownFileType = text.plist.xml; path = Info.plist; sourceTree = "<group>"; };
		9213472C1D9660290025A4A8 /* IndicatorViewShape.swift */ = {isa = PBXFileReference; fileEncoding = 4; lastKnownFileType = sourcecode.swift; name = IndicatorViewShape.swift; path = IndicatorView/IndicatorViewShape.swift; sourceTree = "<group>"; };
		9213472E1D9662D10025A4A8 /* IndicatorAnimationDelegate.swift */ = {isa = PBXFileReference; fileEncoding = 4; lastKnownFileType = sourcecode.swift; name = IndicatorAnimationDelegate.swift; path = IndicatorView/IndicatorAnimationDelegate.swift; sourceTree = "<group>"; };
		921347301D9663470025A4A8 /* IndicatorView.swift */ = {isa = PBXFileReference; fileEncoding = 4; lastKnownFileType = sourcecode.swift; name = IndicatorView.swift; path = IndicatorView/IndicatorView.swift; sourceTree = "<group>"; };
		921347331D9663E80025A4A8 /* IndicatorAnimationPacman.swift */ = {isa = PBXFileReference; fileEncoding = 4; lastKnownFileType = sourcecode.swift; name = IndicatorAnimationPacman.swift; path = IndicatorView/Animations/IndicatorAnimationPacman.swift; sourceTree = "<group>"; };
		921347351D96AE1A0025A4A8 /* IndicatorPresenter.swift */ = {isa = PBXFileReference; fileEncoding = 4; lastKnownFileType = sourcecode.swift; name = IndicatorPresenter.swift; path = IndicatorView/IndicatorPresenter.swift; sourceTree = "<group>"; };
		921347371D96B9960025A4A8 /* IndicatorViewable.swift */ = {isa = PBXFileReference; fileEncoding = 4; lastKnownFileType = sourcecode.swift; path = IndicatorViewable.swift; sourceTree = "<group>"; };
/* End PBXFileReference section */

/* Begin PBXFrameworksBuildPhase section */
		921347101D965E770025A4A8 /* Frameworks */ = {
			isa = PBXFrameworksBuildPhase;
			buildActionMask = 2147483647;
			files = (
			);
			runOnlyForDeploymentPostprocessing = 0;
		};
/* End PBXFrameworksBuildPhase section */

/* Begin PBXGroup section */
		9213470A1D965E770025A4A8 = {
			isa = PBXGroup;
			children = (
				921347151D965E770025A4A8 /* IndicatorViewDemo */,
				921347141D965E770025A4A8 /* Products */,
			);
			sourceTree = "<group>";
		};
		921347141D965E770025A4A8 /* Products */ = {
			isa = PBXGroup;
			children = (
				921347131D965E770025A4A8 /* IndicatorViewDemo.app */,
			);
			name = Products;
			sourceTree = "<group>";
		};
		921347151D965E770025A4A8 /* IndicatorViewDemo */ = {
			isa = PBXGroup;
			children = (
				9213472B1D9660070025A4A8 /* IndicatorView */,
				921347161D965E770025A4A8 /* AppDelegate.swift */,
				921347181D965E770025A4A8 /* ViewController.swift */,
				9213471A1D965E770025A4A8 /* Main.storyboard */,
				9213471D1D965E770025A4A8 /* Assets.xcassets */,
				9213471F1D965E770025A4A8 /* LaunchScreen.storyboard */,
				921347221D965E770025A4A8 /* Info.plist */,
			);
			path = IndicatorViewDemo;
			sourceTree = "<group>";
		};
		9213472B1D9660070025A4A8 /* IndicatorView */ = {
			isa = PBXGroup;
			children = (
				921347321D9663B20025A4A8 /* Animations */,
				9213472C1D9660290025A4A8 /* IndicatorViewShape.swift */,
				9213472E1D9662D10025A4A8 /* IndicatorAnimationDelegate.swift */,
				921347301D9663470025A4A8 /* IndicatorView.swift */,
				921347351D96AE1A0025A4A8 /* IndicatorPresenter.swift */,
				921347371D96B9960025A4A8 /* IndicatorViewable.swift */,
			);
			name = IndicatorView;
			sourceTree = "<group>";
		};
		921347321D9663B20025A4A8 /* Animations */ = {
			isa = PBXGroup;
			children = (
				921347331D9663E80025A4A8 /* IndicatorAnimationPacman.swift */,
			);
			name = Animations;
			sourceTree = "<group>";
		};
/* End PBXGroup section */

/* Begin PBXNativeTarget section */
		921347121D965E770025A4A8 /* IndicatorViewDemo */ = {
			isa = PBXNativeTarget;
			buildConfigurationList = 921347251D965E770025A4A8 /* Build configuration list for PBXNativeTarget "IndicatorViewDemo" */;
			buildPhases = (
				9213470F1D965E770025A4A8 /* Sources */,
				921347101D965E770025A4A8 /* Frameworks */,
				921347111D965E770025A4A8 /* Resources */,
			);
			buildRules = (
			);
			dependencies = (
			);
			name = IndicatorViewDemo;
			productName = IndicatorViewDemo;
			productReference = 921347131D965E770025A4A8 /* IndicatorViewDemo.app */;
			productType = "com.apple.product-type.application";
		};
/* End PBXNativeTarget section */

/* Begin PBXProject section */
		9213470B1D965E770025A4A8 /* Project object */ = {
			isa = PBXProject;
			attributes = {
				LastSwiftUpdateCheck = 0800;
				LastUpgradeCheck = 0800;
				ORGANIZATIONNAME = ZachZhang;
				TargetAttributes = {
					921347121D965E770025A4A8 = {
						CreatedOnToolsVersion = 8.0;
						DevelopmentTeam = U65QMHS7N2;
						ProvisioningStyle = Automatic;
					};
				};
			};
			buildConfigurationList = 9213470E1D965E770025A4A8 /* Build configuration list for PBXProject "IndicatorViewDemo" */;
			compatibilityVersion = "Xcode 3.2";
			developmentRegion = English;
			hasScannedForEncodings = 0;
			knownRegions = (
				en,
				Base,
			);
			mainGroup = 9213470A1D965E770025A4A8;
			productRefGroup = 921347141D965E770025A4A8 /* Products */;
			projectDirPath = "";
			projectRoot = "";
			targets = (
				921347121D965E770025A4A8 /* IndicatorViewDemo */,
			);
		};
/* End PBXProject section */

/* Begin PBXResourcesBuildPhase section */
		921347111D965E770025A4A8 /* Resources */ = {
			isa = PBXResourcesBuildPhase;
			buildActionMask = 2147483647;
			files = (
				921347211D965E770025A4A8 /* LaunchScreen.storyboard in Resources */,
				9213471E1D965E770025A4A8 /* Assets.xcassets in Resources */,
				9213471C1D965E770025A4A8 /* Main.storyboard in Resources */,
			);
			runOnlyForDeploymentPostprocessing = 0;
		};
/* End PBXResourcesBuildPhase section */

/* Begin PBXSourcesBuildPhase section */
		9213470F1D965E770025A4A8 /* Sources */ = {
			isa = PBXSourcesBuildPhase;
			buildActionMask = 2147483647;
			files = (
				9213472D1D9660290025A4A8 /* IndicatorViewShape.swift in Sources */,
				921347191D965E770025A4A8 /* ViewController.swift in Sources */,
				921347361D96AE1A0025A4A8 /* IndicatorPresenter.swift in Sources */,
				921347341D9663E80025A4A8 /* IndicatorAnimationPacman.swift in Sources */,
				9213472F1D9662D20025A4A8 /* IndicatorAnimationDelegate.swift in Sources */,
				921347171D965E770025A4A8 /* AppDelegate.swift in Sources */,
				921347381D96B9960025A4A8 /* IndicatorViewable.swift in Sources */,
				921347311D9663470025A4A8 /* IndicatorView.swift in Sources */,
			);
			runOnlyForDeploymentPostprocessing = 0;
		};
/* End PBXSourcesBuildPhase section */

/* Begin PBXVariantGroup section */
		9213471A1D965E770025A4A8 /* Main.storyboard */ = {
			isa = PBXVariantGroup;
			children = (
				9213471B1D965E770025A4A8 /* Base */,
			);
			name = Main.storyboard;
			sourceTree = "<group>";
		};
		9213471F1D965E770025A4A8 /* LaunchScreen.storyboard */ = {
			isa = PBXVariantGroup;
			children = (
				921347201D965E770025A4A8 /* Base */,
			);
			name = LaunchScreen.storyboard;
			sourceTree = "<group>";
		};
/* End PBXVariantGroup section */

/* Begin XCBuildConfiguration section */
		921347231D965E770025A4A8 /* Debug */ = {
			isa = XCBuildConfiguration;
			buildSettings = {
				ALWAYS_SEARCH_USER_PATHS = NO;
				CLANG_ANALYZER_NONNULL = YES;
				CLANG_CXX_LANGUAGE_STANDARD = "gnu++0x";
				CLANG_CXX_LIBRARY = "libc++";
				CLANG_ENABLE_MODULES = YES;
				CLANG_ENABLE_OBJC_ARC = YES;
				CLANG_WARN_BOOL_CONVERSION = YES;
				CLANG_WARN_CONSTANT_CONVERSION = YES;
				CLANG_WARN_DIRECT_OBJC_ISA_USAGE = YES_ERROR;
				CLANG_WARN_DOCUMENTATION_COMMENTS = YES;
				CLANG_WARN_EMPTY_BODY = YES;
				CLANG_WARN_ENUM_CONVERSION = YES;
				CLANG_WARN_INFINITE_RECURSION = YES;
				CLANG_WARN_INT_CONVERSION = YES;
				CLANG_WARN_OBJC_ROOT_CLASS = YES_ERROR;
				CLANG_WARN_SUSPICIOUS_MOVES = YES;
				CLANG_WARN_UNREACHABLE_CODE = YES;
				CLANG_WARN__DUPLICATE_METHOD_MATCH = YES;
				"CODE_SIGN_IDENTITY[sdk=iphoneos*]" = "iPhone Developer";
				COPY_PHASE_STRIP = NO;
				DEBUG_INFORMATION_FORMAT = dwarf;
				ENABLE_STRICT_OBJC_MSGSEND = YES;
				ENABLE_TESTABILITY = YES;
				GCC_C_LANGUAGE_STANDARD = gnu99;
				GCC_DYNAMIC_NO_PIC = NO;
				GCC_NO_COMMON_BLOCKS = YES;
				GCC_OPTIMIZATION_LEVEL = 0;
				GCC_PREPROCESSOR_DEFINITIONS = (
					"DEBUG=1",
					"$(inherited)",
				);
				GCC_WARN_64_TO_32_BIT_CONVERSION = YES;
				GCC_WARN_ABOUT_RETURN_TYPE = YES_ERROR;
				GCC_WARN_UNDECLARED_SELECTOR = YES;
				GCC_WARN_UNINITIALIZED_AUTOS = YES_AGGRESSIVE;
				GCC_WARN_UNUSED_FUNCTION = YES;
				GCC_WARN_UNUSED_VARIABLE = YES;
				IPHONEOS_DEPLOYMENT_TARGET = 10.0;
				MTL_ENABLE_DEBUG_INFO = YES;
				ONLY_ACTIVE_ARCH = YES;
				SDKROOT = iphoneos;
				SWIFT_ACTIVE_COMPILATION_CONDITIONS = DEBUG;
				SWIFT_OPTIMIZATION_LEVEL = "-Onone";
			};
			name = Debug;
		};
		921347241D965E770025A4A8 /* Release */ = {
			isa = XCBuildConfiguration;
			buildSettings = {
				ALWAYS_SEARCH_USER_PATHS = NO;
				CLANG_ANALYZER_NONNULL = YES;
				CLANG_CXX_LANGUAGE_STANDARD = "gnu++0x";
				CLANG_CXX_LIBRARY = "libc++";
				CLANG_ENABLE_MODULES = YES;
				CLANG_ENABLE_OBJC_ARC = YES;
				CLANG_WARN_BOOL_CONVERSION = YES;
				CLANG_WARN_CONSTANT_CONVERSION = YES;
				CLANG_WARN_DIRECT_OBJC_ISA_USAGE = YES_ERROR;
				CLANG_WARN_DOCUMENTATION_COMMENTS = YES;
				CLANG_WARN_EMPTY_BODY = YES;
				CLANG_WARN_ENUM_CONVERSION = YES;
				CLANG_WARN_INFINITE_RECURSION = YES;
				CLANG_WARN_INT_CONVERSION = YES;
				CLANG_WARN_OBJC_ROOT_CLASS = YES_ERROR;
				CLANG_WARN_SUSPICIOUS_MOVES = YES;
				CLANG_WARN_UNREACHABLE_CODE = YES;
				CLANG_WARN__DUPLICATE_METHOD_MATCH = YES;
				"CODE_SIGN_IDENTITY[sdk=iphoneos*]" = "iPhone Developer";
				COPY_PHASE_STRIP = NO;
				DEBUG_INFORMATION_FORMAT = "dwarf-with-dsym";
				ENABLE_NS_ASSERTIONS = NO;
				ENABLE_STRICT_OBJC_MSGSEND = YES;
				GCC_C_LANGUAGE_STANDARD = gnu99;
				GCC_NO_COMMON_BLOCKS = YES;
				GCC_WARN_64_TO_32_BIT_CONVERSION = YES;
				GCC_WARN_ABOUT_RETURN_TYPE = YES_ERROR;
				GCC_WARN_UNDECLARED_SELECTOR = YES;
				GCC_WARN_UNINITIALIZED_AUTOS = YES_AGGRESSIVE;
				GCC_WARN_UNUSED_FUNCTION = YES;
				GCC_WARN_UNUSED_VARIABLE = YES;
				IPHONEOS_DEPLOYMENT_TARGET = 10.0;
				MTL_ENABLE_DEBUG_INFO = NO;
				SDKROOT = iphoneos;
				SWIFT_OPTIMIZATION_LEVEL = "-Owholemodule";
				VALIDATE_PRODUCT = YES;
			};
			name = Release;
		};
		921347261D965E770025A4A8 /* Debug */ = {
			isa = XCBuildConfiguration;
			buildSettings = {
				ASSETCATALOG_COMPILER_APPICON_NAME = AppIcon;
				DEVELOPMENT_TEAM = U65QMHS7N2;
				INFOPLIST_FILE = IndicatorViewDemo/Info.plist;
				LD_RUNPATH_SEARCH_PATHS = "$(inherited) @executable_path/Frameworks";
				PRODUCT_BUNDLE_IDENTIFIER = com.zach.IndicatorViewDemo;
				PRODUCT_NAME = "$(TARGET_NAME)";
				SWIFT_VERSION = 3.0;
			};
			name = Debug;
		};
		921347271D965E770025A4A8 /* Release */ = {
			isa = XCBuildConfiguration;
			buildSettings = {
				ASSETCATALOG_COMPILER_APPICON_NAME = AppIcon;
				DEVELOPMENT_TEAM = U65QMHS7N2;
				INFOPLIST_FILE = IndicatorViewDemo/Info.plist;
				LD_RUNPATH_SEARCH_PATHS = "$(inherited) @executable_path/Frameworks";
				PRODUCT_BUNDLE_IDENTIFIER = com.zach.IndicatorViewDemo;
				PRODUCT_NAME = "$(TARGET_NAME)";
				SWIFT_VERSION = 3.0;
			};
			name = Release;
		};
/* End XCBuildConfiguration section */

/* Begin XCConfigurationList section */
		9213470E1D965E770025A4A8 /* Build configuration list for PBXProject "IndicatorViewDemo" */ = {
			isa = XCConfigurationList;
			buildConfigurations = (
				921347231D965E770025A4A8 /* Debug */,
				921347241D965E770025A4A8 /* Release */,
			);
			defaultConfigurationIsVisible = 0;
			defaultConfigurationName = Release;
		};
		921347251D965E770025A4A8 /* Build configuration list for PBXNativeTarget "IndicatorViewDemo" */ = {
			isa = XCConfigurationList;
			buildConfigurations = (
				921347261D965E770025A4A8 /* Debug */,
				921347271D965E770025A4A8 /* Release */,
			);
			defaultConfigurationIsVisible = 0;
			defaultConfigurationName = Release;
		};
/* End XCConfigurationList section */
	};
	rootObject = 9213470B1D965E770025A4A8 /* Project object */;
}
